
Microsoft Visual Studio Solution File, Format Version 12.00
# Visual Studio 15
VisualStudioVersion = 15.0.28307.438
MinimumVisualStudioVersion = 10.0.40219.1
Project("{FAE04EC0-301F-11D3-BF4B-00C04F79EFBC}") = "Map", "Map\Map.csproj", "{800837F1-38E2-4459-8131-BA8ADAC1E61C}"
EndProject
Project("{FAE04EC0-301F-11D3-BF4B-00C04F79EFBC}") = "MapDAL", "MapDAL\MapDAL.csproj", "{3EBF5951-29F0-4086-88F8-F72220F4DA18}"
EndProject
Project("{FAE04EC0-301F-11D3-BF4B-00C04F79EFBC}") = "MapBLL", "MapBLL\MapBLL.csproj", "{A4021F8D-5C51-46B3-B9D3-96BDA5BEB2C6}"
EndProject
Global
	GlobalSection(SolutionConfigurationPlatforms) = preSolution
		Debug|Any CPU = Debug|Any CPU
		Release|Any CPU = Release|Any CPU
	EndGlobalSection
	GlobalSection(ProjectConfigurationPlatforms) = postSolution
		{800837F1-38E2-4459-8131-BA8ADAC1E61C}.Debug|Any CPU.ActiveCfg = Debug|Any CPU
		{800837F1-38E2-4459-8131-BA8ADAC1E61C}.Debug|Any CPU.Build.0 = Debug|Any CPU
		{800837F1-38E2-4459-8131-BA8ADAC1E61C}.Release|Any CPU.ActiveCfg = Release|Any CPU
		{800837F1-38E2-4459-8131-BA8ADAC1E61C}.Release|Any CPU.Build.0 = Release|Any CPU
		{3EBF5951-29F0-4086-88F8-F72220F4DA18}.Debug|Any CPU.ActiveCfg = Debug|Any CPU
		{3EBF5951-29F0-4086-88F8-F72220F4DA18}.Debug|Any CPU.Build.0 = Debug|Any CPU
		{3EBF5951-29F0-4086-88F8-F72220F4DA18}.Release|Any CPU.ActiveCfg = Release|Any CPU
		{3EBF5951-29F0-4086-88F8-F72220F4DA18}.Release|Any CPU.Build.0 = Release|Any CPU
		{A4021F8D-5C51-46B3-B9D3-96BDA5BEB2C6}.Debug|Any CPU.ActiveCfg = Debug|Any CPU
		{A4021F8D-5C51-46B3-B9D3-96BDA5BEB2C6}.Debug|Any CPU.Build.0 = Debug|Any CPU
		{A4021F8D-5C51-46B3-B9D3-96BDA5BEB2C6}.Release|Any CPU.ActiveCfg = Release|Any CPU
		{A4021F8D-5C51-46B3-B9D3-96BDA5BEB2C6}.Release|Any CPU.Build.0 = Release|Any CPU
	EndGlobalSection
	GlobalSection(SolutionProperties) = preSolution
		HideSolutionNode = FALSE
	EndGlobalSection
	GlobalSection(ExtensibilityGlobals) = postSolution
		SolutionGuid = {072DDC59-6CCD-431A-9530-FFBCF393E21D}
	EndGlobalSection
EndGlobal
